
Microsoft Visual Studio Solution File, Format Version 12.00
# Visual Studio 15
VisualStudioVersion = 15.0.26730.12
MinimumVisualStudioVersion = 10.0.40219.1
Project("{FAE04EC0-301F-11D3-BF4B-00C04F79EFBC}") = "CalledThat", "CalledThat\CalledThat.csproj", "{48038ACE-1602-4DDC-9E78-EBD46A601DB6}"
EndProject
Project("{2150E333-8FDC-42A3-9474-1A3956D46DE8}") = "Services", "Services", "{437D1358-489E-4399-9D6F-0C3035D93ADE}"
EndProject
Project("{FAE04EC0-301F-11D3-BF4B-00C04F79EFBC}") = "DataAPI", "DataAPI\DataAPI.csproj", "{58353A34-021E-4459-8CE2-07D5E044DECB}"
EndProject
Project("{FAE04EC0-301F-11D3-BF4B-00C04F79EFBC}") = "Data", "Data\Data.csproj", "{F148B20A-BE7F-4090-981C-BB24A2BC0DCA}"
EndProject
Project("{FAE04EC0-301F-11D3-BF4B-00C04F79EFBC}") = "GameService", "GameService\GameService.csproj", "{A9AA049C-1B2A-4AAC-96BC-05EFD802609A}"
EndProject
Project("{2150E333-8FDC-42A3-9474-1A3956D46DE8}") = "Tests", "Tests", "{77176596-D584-403E-9C92-E960323017E1}"
EndProject
Project("{2150E333-8FDC-42A3-9474-1A3956D46DE8}") = "Services", "Services", "{F685D015-ACBC-4D73-BBB0-9F3C59D7D41E}"
EndProject
Project("{FAE04EC0-301F-11D3-BF4B-00C04F79EFBC}") = "GameServiceTests", "GameServiceTests\GameServiceTests.csproj", "{DF5FBFBF-3324-47B6-9BA3-B790090696B9}"
EndProject
Project("{FAE04EC0-301F-11D3-BF4B-00C04F79EFBC}") = "AppServices", "AppServices\AppServices.csproj", "{A64E7727-9FC5-4D80-842C-B0EDA16EA147}"
EndProject
Project("{FAE04EC0-301F-11D3-BF4B-00C04F79EFBC}") = "EmailService", "EmailService\EmailService.csproj", "{0DAE4310-233C-43B5-8C30-9A9E06710C88}"
EndProject
Project("{2150E333-8FDC-42A3-9474-1A3956D46DE8}") = "WindowsService", "WindowsService", "{986F36B7-531F-4DD3-B7F4-7B16F9C959EC}"
EndProject
Project("{FAE04EC0-301F-11D3-BF4B-00C04F79EFBC}") = "CalledThatService", "CalledThatService\CalledThatService.csproj", "{C9460519-0E38-4B89-AE7C-27119E4B8D80}"
EndProject
Global
	GlobalSection(SolutionConfigurationPlatforms) = preSolution
		Debug|Any CPU = Debug|Any CPU
		Release|Any CPU = Release|Any CPU
		sandbox|Any CPU = sandbox|Any CPU
	EndGlobalSection
	GlobalSection(ProjectConfigurationPlatforms) = postSolution
		{48038ACE-1602-4DDC-9E78-EBD46A601DB6}.Debug|Any CPU.ActiveCfg = Debug|Any CPU
		{48038ACE-1602-4DDC-9E78-EBD46A601DB6}.Debug|Any CPU.Build.0 = Debug|Any CPU
		{48038ACE-1602-4DDC-9E78-EBD46A601DB6}.Release|Any CPU.ActiveCfg = Release|Any CPU
		{48038ACE-1602-4DDC-9E78-EBD46A601DB6}.Release|Any CPU.Build.0 = Release|Any CPU
		{48038ACE-1602-4DDC-9E78-EBD46A601DB6}.sandbox|Any CPU.ActiveCfg = sandbox|Any CPU
		{48038ACE-1602-4DDC-9E78-EBD46A601DB6}.sandbox|Any CPU.Build.0 = sandbox|Any CPU
		{58353A34-021E-4459-8CE2-07D5E044DECB}.Debug|Any CPU.ActiveCfg = Debug|Any CPU
		{58353A34-021E-4459-8CE2-07D5E044DECB}.Debug|Any CPU.Build.0 = Debug|Any CPU
		{58353A34-021E-4459-8CE2-07D5E044DECB}.Release|Any CPU.ActiveCfg = Release|Any CPU
		{58353A34-021E-4459-8CE2-07D5E044DECB}.Release|Any CPU.Build.0 = Release|Any CPU
		{58353A34-021E-4459-8CE2-07D5E044DECB}.sandbox|Any CPU.ActiveCfg = sandbox|Any CPU
		{58353A34-021E-4459-8CE2-07D5E044DECB}.sandbox|Any CPU.Build.0 = sandbox|Any CPU
		{F148B20A-BE7F-4090-981C-BB24A2BC0DCA}.Debug|Any CPU.ActiveCfg = Debug|Any CPU
		{F148B20A-BE7F-4090-981C-BB24A2BC0DCA}.Debug|Any CPU.Build.0 = Debug|Any CPU
		{F148B20A-BE7F-4090-981C-BB24A2BC0DCA}.Release|Any CPU.ActiveCfg = Release|Any CPU
		{F148B20A-BE7F-4090-981C-BB24A2BC0DCA}.Release|Any CPU.Build.0 = Release|Any CPU
		{F148B20A-BE7F-4090-981C-BB24A2BC0DCA}.sandbox|Any CPU.ActiveCfg = sandbox|Any CPU
		{F148B20A-BE7F-4090-981C-BB24A2BC0DCA}.sandbox|Any CPU.Build.0 = sandbox|Any CPU
		{A9AA049C-1B2A-4AAC-96BC-05EFD802609A}.Debug|Any CPU.ActiveCfg = Debug|Any CPU
		{A9AA049C-1B2A-4AAC-96BC-05EFD802609A}.Debug|Any CPU.Build.0 = Debug|Any CPU
		{A9AA049C-1B2A-4AAC-96BC-05EFD802609A}.Release|Any CPU.ActiveCfg = Release|Any CPU
		{A9AA049C-1B2A-4AAC-96BC-05EFD802609A}.Release|Any CPU.Build.0 = Release|Any CPU
		{A9AA049C-1B2A-4AAC-96BC-05EFD802609A}.sandbox|Any CPU.ActiveCfg = sandbox|Any CPU
		{A9AA049C-1B2A-4AAC-96BC-05EFD802609A}.sandbox|Any CPU.Build.0 = sandbox|Any CPU
		{DF5FBFBF-3324-47B6-9BA3-B790090696B9}.Debug|Any CPU.ActiveCfg = Debug|Any CPU
		{DF5FBFBF-3324-47B6-9BA3-B790090696B9}.Debug|Any CPU.Build.0 = Debug|Any CPU
		{DF5FBFBF-3324-47B6-9BA3-B790090696B9}.Release|Any CPU.ActiveCfg = Release|Any CPU
		{DF5FBFBF-3324-47B6-9BA3-B790090696B9}.Release|Any CPU.Build.0 = Release|Any CPU
		{DF5FBFBF-3324-47B6-9BA3-B790090696B9}.sandbox|Any CPU.ActiveCfg = sandbox|Any CPU
		{A64E7727-9FC5-4D80-842C-B0EDA16EA147}.Debug|Any CPU.ActiveCfg = Debug|Any CPU
		{A64E7727-9FC5-4D80-842C-B0EDA16EA147}.Debug|Any CPU.Build.0 = Debug|Any CPU
		{A64E7727-9FC5-4D80-842C-B0EDA16EA147}.Release|Any CPU.ActiveCfg = Release|Any CPU
		{A64E7727-9FC5-4D80-842C-B0EDA16EA147}.Release|Any CPU.Build.0 = Release|Any CPU
		{A64E7727-9FC5-4D80-842C-B0EDA16EA147}.sandbox|Any CPU.ActiveCfg = sandbox|Any CPU
		{A64E7727-9FC5-4D80-842C-B0EDA16EA147}.sandbox|Any CPU.Build.0 = sandbox|Any CPU
		{0DAE4310-233C-43B5-8C30-9A9E06710C88}.Debug|Any CPU.ActiveCfg = Debug|Any CPU
		{0DAE4310-233C-43B5-8C30-9A9E06710C88}.Debug|Any CPU.Build.0 = Debug|Any CPU
		{0DAE4310-233C-43B5-8C30-9A9E06710C88}.Release|Any CPU.ActiveCfg = Release|Any CPU
		{0DAE4310-233C-43B5-8C30-9A9E06710C88}.Release|Any CPU.Build.0 = Release|Any CPU
		{0DAE4310-233C-43B5-8C30-9A9E06710C88}.sandbox|Any CPU.ActiveCfg = sandbox|Any CPU
		{0DAE4310-233C-43B5-8C30-9A9E06710C88}.sandbox|Any CPU.Build.0 = sandbox|Any CPU
		{C9460519-0E38-4B89-AE7C-27119E4B8D80}.Debug|Any CPU.ActiveCfg = Debug|Any CPU
		{C9460519-0E38-4B89-AE7C-27119E4B8D80}.Debug|Any CPU.Build.0 = Debug|Any CPU
		{C9460519-0E38-4B89-AE7C-27119E4B8D80}.Release|Any CPU.ActiveCfg = Release|Any CPU
		{C9460519-0E38-4B89-AE7C-27119E4B8D80}.Release|Any CPU.Build.0 = Release|Any CPU
		{C9460519-0E38-4B89-AE7C-27119E4B8D80}.sandbox|Any CPU.ActiveCfg = Release|Any CPU
		{C9460519-0E38-4B89-AE7C-27119E4B8D80}.sandbox|Any CPU.Build.0 = Release|Any CPU
	EndGlobalSection
	GlobalSection(SolutionProperties) = preSolution
		HideSolutionNode = FALSE
	EndGlobalSection
	GlobalSection(NestedProjects) = preSolution
		{58353A34-021E-4459-8CE2-07D5E044DECB} = {437D1358-489E-4399-9D6F-0C3035D93ADE}
		{A9AA049C-1B2A-4AAC-96BC-05EFD802609A} = {437D1358-489E-4399-9D6F-0C3035D93ADE}
		{F685D015-ACBC-4D73-BBB0-9F3C59D7D41E} = {77176596-D584-403E-9C92-E960323017E1}
		{DF5FBFBF-3324-47B6-9BA3-B790090696B9} = {F685D015-ACBC-4D73-BBB0-9F3C59D7D41E}
		{A64E7727-9FC5-4D80-842C-B0EDA16EA147} = {437D1358-489E-4399-9D6F-0C3035D93ADE}
		{0DAE4310-233C-43B5-8C30-9A9E06710C88} = {437D1358-489E-4399-9D6F-0C3035D93ADE}
		{C9460519-0E38-4B89-AE7C-27119E4B8D80} = {986F36B7-531F-4DD3-B7F4-7B16F9C959EC}
	EndGlobalSection
	GlobalSection(ExtensibilityGlobals) = postSolution
		SolutionGuid = {8DAB35FB-78AF-4FA8-91C7-719DF9356882}
	EndGlobalSection
EndGlobal
